
Microsoft Visual Studio Solution File, Format Version 12.00
# Visual Studio Version 17
VisualStudioVersion = 17.14.36616.10 d17.14
MinimumVisualStudioVersion = 10.0.40219.1
Project("{FAE04EC0-301F-11D3-BF4B-00C04F79EFBC}") = "exercise4", "exercise4\exercise4.csproj", "{229B4C84-6452-49A3-BAA9-5BB4FB7526E4}"
EndProject
Global
	GlobalSection(SolutionConfigurationPlatforms) = preSolution
		Debug|Any CPU = Debug|Any CPU
		Release|Any CPU = Release|Any CPU
	EndGlobalSection
	GlobalSection(ProjectConfigurationPlatforms) = postSolution
		{229B4C84-6452-49A3-BAA9-5BB4FB7526E4}.Debug|Any CPU.ActiveCfg = Debug|Any CPU
		{229B4C84-6452-49A3-BAA9-5BB4FB7526E4}.Debug|Any CPU.Build.0 = Debug|Any CPU
		{229B4C84-6452-49A3-BAA9-5BB4FB7526E4}.Release|Any CPU.ActiveCfg = Release|Any CPU
		{229B4C84-6452-49A3-BAA9-5BB4FB7526E4}.Release|Any CPU.Build.0 = Release|Any CPU
	EndGlobalSection
	GlobalSection(SolutionProperties) = preSolution
		HideSolutionNode = FALSE
	EndGlobalSection
	GlobalSection(ExtensibilityGlobals) = postSolution
		SolutionGuid = {D103BD1D-4B4A-45C8-A53B-A297630F3511}
	EndGlobalSection
EndGlobal
