
Microsoft Visual Studio Solution File, Format Version 12.00
# Visual Studio Version 17
VisualStudioVersion = 17.14.36616.10 d17.14
MinimumVisualStudioVersion = 10.0.40219.1
Project("{FAE04EC0-301F-11D3-BF4B-00C04F79EFBC}") = "exercise0", "exercise0.csproj", "{D358B6BC-96E2-9532-ED78-2103A5433AFC}"
EndProject
Global
	GlobalSection(SolutionConfigurationPlatforms) = preSolution
		Debug|Any CPU = Debug|Any CPU
		Release|Any CPU = Release|Any CPU
	EndGlobalSection
	GlobalSection(ProjectConfigurationPlatforms) = postSolution
		{D358B6BC-96E2-9532-ED78-2103A5433AFC}.Debug|Any CPU.ActiveCfg = Debug|Any CPU
		{D358B6BC-96E2-9532-ED78-2103A5433AFC}.Debug|Any CPU.Build.0 = Debug|Any CPU
		{D358B6BC-96E2-9532-ED78-2103A5433AFC}.Release|Any CPU.ActiveCfg = Release|Any CPU
		{D358B6BC-96E2-9532-ED78-2103A5433AFC}.Release|Any CPU.Build.0 = Release|Any CPU
	EndGlobalSection
	GlobalSection(SolutionProperties) = preSolution
		HideSolutionNode = FALSE
	EndGlobalSection
	GlobalSection(ExtensibilityGlobals) = postSolution
		SolutionGuid = {B0948541-25AA-4509-925A-0C6AFD9DEF50}
	EndGlobalSection
EndGlobal
